
Microsoft Visual Studio Solution File, Format Version 12.00
# Visual Studio 15
VisualStudioVersion = 15.0.28010.2048
MinimumVisualStudioVersion = 10.0.40219.1
Project("{FAE04EC0-301F-11D3-BF4B-00C04F79EFBC}") = "PortScanner", "PortScanner\PortScanner.csproj", "{91DF4FB6-A942-4681-A449-220A35D46F53}"
EndProject
Global
	GlobalSection(SolutionConfigurationPlatforms) = preSolution
		Debug|Any CPU = Debug|Any CPU
		Release|Any CPU = Release|Any CPU
	EndGlobalSection
	GlobalSection(ProjectConfigurationPlatforms) = postSolution
		{91DF4FB6-A942-4681-A449-220A35D46F53}.Debug|Any CPU.ActiveCfg = Debug|Any CPU
		{91DF4FB6-A942-4681-A449-220A35D46F53}.Debug|Any CPU.Build.0 = Debug|Any CPU
		{91DF4FB6-A942-4681-A449-220A35D46F53}.Release|Any CPU.ActiveCfg = Release|Any CPU
		{91DF4FB6-A942-4681-A449-220A35D46F53}.Release|Any CPU.Build.0 = Release|Any CPU
	EndGlobalSection
	GlobalSection(SolutionProperties) = preSolution
		HideSolutionNode = FALSE
	EndGlobalSection
	GlobalSection(ExtensibilityGlobals) = postSolution
		SolutionGuid = {F4946E88-EC9F-4212-A367-A4F8D0FB0371}
	EndGlobalSection
EndGlobal
